
Microsoft Visual Studio Solution File, Format Version 12.00
# Visual Studio Version 16
VisualStudioVersion = 16.0.28407.52
MinimumVisualStudioVersion = 10.0.40219.1
Project("{9A19103F-16F7-4668-BE54-9A1E7A4F7556}") = "Vecozo", "Vecozo\Vecozo.csproj", "{9E298416-E198-41AD-A270-D3DA2F93D233}"
EndProject
Project("{9A19103F-16F7-4668-BE54-9A1E7A4F7556}") = "Vecozo.Test", "Vecozo.Test\Vecozo.Test.csproj", "{83E94A23-D667-49B3-8773-56D94B216FF2}"
EndProject
Global
	GlobalSection(SolutionConfigurationPlatforms) = preSolution
		Debug|Any CPU = Debug|Any CPU
		Release|Any CPU = Release|Any CPU
	EndGlobalSection
	GlobalSection(ProjectConfigurationPlatforms) = postSolution
		{9E298416-E198-41AD-A270-D3DA2F93D233}.Debug|Any CPU.ActiveCfg = Debug|Any CPU
		{9E298416-E198-41AD-A270-D3DA2F93D233}.Debug|Any CPU.Build.0 = Debug|Any CPU
		{9E298416-E198-41AD-A270-D3DA2F93D233}.Release|Any CPU.ActiveCfg = Release|Any CPU
		{9E298416-E198-41AD-A270-D3DA2F93D233}.Release|Any CPU.Build.0 = Release|Any CPU
		{83E94A23-D667-49B3-8773-56D94B216FF2}.Debug|Any CPU.ActiveCfg = Debug|Any CPU
		{83E94A23-D667-49B3-8773-56D94B216FF2}.Debug|Any CPU.Build.0 = Debug|Any CPU
		{83E94A23-D667-49B3-8773-56D94B216FF2}.Release|Any CPU.ActiveCfg = Release|Any CPU
		{83E94A23-D667-49B3-8773-56D94B216FF2}.Release|Any CPU.Build.0 = Release|Any CPU
	EndGlobalSection
	GlobalSection(SolutionProperties) = preSolution
		HideSolutionNode = FALSE
	EndGlobalSection
	GlobalSection(ExtensibilityGlobals) = postSolution
		SolutionGuid = {03451D09-F841-4611-8EA2-8D3BCC9A1A45}
	EndGlobalSection
EndGlobal
